# This file is automatically @generated by Cargo.
# It is not intended for manual editing.
[[package]]
name = "ein-ffi"
version = "0.2.1"
source = "registry+https://github.com/rust-lang/crates.io-index"
checksum = "f3b1a16030e8edf6bfdec8d64470a2cfbcd478734596f4eb364798e0056a47b7"

[[package]]
name = "system"
version = "0.1.0"
dependencies = [
 "ein-ffi",
]
