# This file is automatically @generated by Cargo.
# It is not intended for manual editing.
[[package]]
name = "autotools"
version = "0.2.3"
source = "registry+https://github.com/rust-lang/crates.io-index"
checksum = "7b875eaceeddbbfb52c4d102af0e28872be06ba363b9b28c7551304beb3eac42"
dependencies = [
 "cc",
]

[[package]]
name = "bdwgc-alloc"
version = "0.6.0"
source = "registry+https://github.com/rust-lang/crates.io-index"
checksum = "ceed387bb03bf60e7368a07b7f943d3612a04ff7cf11e73801ffa3677370aa24"
dependencies = [
 "autotools",
 "libc",
]

[[package]]
name = "cc"
version = "1.0.67"
source = "registry+https://github.com/rust-lang/crates.io-index"
checksum = "e3c69b077ad434294d3ce9f1f6143a2a4b89a8a2d54ef813d85003a4fd1137fd"

[[package]]
name = "ein-ffi"
version = "0.5.0"
source = "registry+https://github.com/rust-lang/crates.io-index"
checksum = "592e783a9c35ea50cd4f42735a6a1eaca14307772a011edaeb72adf857754ca2"

[[package]]
name = "libc"
version = "0.2.94"
source = "registry+https://github.com/rust-lang/crates.io-index"
checksum = "18794a8ad5b29321f790b55d93dfba91e125cb1a9edbd4f8e3150acc771c1a5e"

[[package]]
name = "os"
version = "0.1.0"
dependencies = [
 "bdwgc-alloc",
 "ein-ffi",
]
