# This file is automatically @generated by Cargo.
# It is not intended for manual editing.
[[package]]
name = "ein-ffi"
version = "0.5.2"
source = "registry+https://github.com/rust-lang/crates.io-index"
checksum = "f80b295c32f5ede9254d53602ec8592d0dd20d6d1b00b36ccc66f6c3b4f80481"

[[package]]
name = "os"
version = "0.1.0"
dependencies = [
 "ein-ffi",
]
